// !$*UTF8*$!
{
	archiveVersion = 1;
	classes = {
	};
	objectVersion = 77;
	objects = {

/* Begin PBXBuildFile section */
		B01988082CE784FA003FB8A2 /* FirebaseAppCheck in Frameworks */ = {isa = PBXBuildFile; productRef = B01988072CE784FA003FB8A2 /* FirebaseAppCheck */; };
		B019880A2CE784FA003FB8A2 /* FirebaseAuth in Frameworks */ = {isa = PBXBuildFile; productRef = B01988092CE784FA003FB8A2 /* FirebaseAuth */; };
		B019880C2CE784FA003FB8A2 /* FirebaseAuthCombine-Community in Frameworks */ = {isa = PBXBuildFile; productRef = B019880B2CE784FA003FB8A2 /* FirebaseAuthCombine-Community */; };
		B019880E2CE784FA003FB8A2 /* FirebaseCore in Frameworks */ = {isa = PBXBuildFile; productRef = B019880D2CE784FA003FB8A2 /* FirebaseCore */; };
		B01988102CE784FA003FB8A2 /* FirebaseCrashlytics in Frameworks */ = {isa = PBXBuildFile; productRef = B019880F2CE784FA003FB8A2 /* FirebaseCrashlytics */; };
		B01988122CE784FA003FB8A2 /* FirebaseDatabase in Frameworks */ = {isa = PBXBuildFile; productRef = B01988112CE784FA003FB8A2 /* FirebaseDatabase */; };
		B01988142CE784FA003FB8A2 /* FirebaseFirestore in Frameworks */ = {isa = PBXBuildFile; productRef = B01988132CE784FA003FB8A2 /* FirebaseFirestore */; };
		B01988162CE784FA003FB8A2 /* FirebaseFirestoreCombine-Community in Frameworks */ = {isa = PBXBuildFile; productRef = B01988152CE784FA003FB8A2 /* FirebaseFirestoreCombine-Community */; };
		B01988182CE784FA003FB8A2 /* FirebaseInAppMessaging-Beta in Frameworks */ = {isa = PBXBuildFile; productRef = B01988172CE784FA003FB8A2 /* FirebaseInAppMessaging-Beta */; };
		B019881A2CE784FA003FB8A2 /* FirebaseMessaging in Frameworks */ = {isa = PBXBuildFile; productRef = B01988192CE784FA003FB8A2 /* FirebaseMessaging */; };
		B019881C2CE784FA003FB8A2 /* FirebaseStorage in Frameworks */ = {isa = PBXBuildFile; productRef = B019881B2CE784FA003FB8A2 /* FirebaseStorage */; };
		B019881E2CE784FA003FB8A2 /* FirebaseStorageCombine-Community in Frameworks */ = {isa = PBXBuildFile; productRef = B019881D2CE784FA003FB8A2 /* FirebaseStorageCombine-Community */; };
/* End PBXBuildFile section */

/* Begin PBXContainerItemProxy section */
		B0ACBD142CE0D171002889AD /* PBXContainerItemProxy */ = {
			isa = PBXContainerItemProxy;
			containerPortal = B0ACBCFB2CE0D16F002889AD /* Project object */;
			proxyType = 1;
			remoteGlobalIDString = B0ACBD022CE0D16F002889AD;
			remoteInfo = Stilist;
		};
		B0ACBD1E2CE0D171002889AD /* PBXContainerItemProxy */ = {
			isa = PBXContainerItemProxy;
			containerPortal = B0ACBCFB2CE0D16F002889AD /* Project object */;
			proxyType = 1;
			remoteGlobalIDString = B0ACBD022CE0D16F002889AD;
			remoteInfo = Stilist;
		};
/* End PBXContainerItemProxy section */

/* Begin PBXFileReference section */
		B0ACBD032CE0D16F002889AD /* Stilist.app */ = {isa = PBXFileReference; explicitFileType = wrapper.application; includeInIndex = 0; path = Stilist.app; sourceTree = BUILT_PRODUCTS_DIR; };
		B0ACBD132CE0D171002889AD /* StilistTests.xctest */ = {isa = PBXFileReference; explicitFileType = wrapper.cfbundle; includeInIndex = 0; path = StilistTests.xctest; sourceTree = BUILT_PRODUCTS_DIR; };
		B0ACBD1D2CE0D171002889AD /* StilistUITests.xctest */ = {isa = PBXFileReference; explicitFileType = wrapper.cfbundle; includeInIndex = 0; path = StilistUITests.xctest; sourceTree = BUILT_PRODUCTS_DIR; };
/* End PBXFileReference section */

/* Begin PBXFileSystemSynchronizedBuildFileExceptionSet section */
		B0DDB03D2CFB6FBC00D19EEA /* Exceptions for "Stilist" folder in "Stilist" target */ = {
			isa = PBXFileSystemSynchronizedBuildFileExceptionSet;
			membershipExceptions = (
				Info.plist,
			);
			target = B0ACBD022CE0D16F002889AD /* Stilist */;
		};
/* End PBXFileSystemSynchronizedBuildFileExceptionSet section */

/* Begin PBXFileSystemSynchronizedRootGroup section */
		B0ACBD052CE0D16F002889AD /* Stilist */ = {
			isa = PBXFileSystemSynchronizedRootGroup;
			exceptions = (
				B0DDB03D2CFB6FBC00D19EEA /* Exceptions for "Stilist" folder in "Stilist" target */,
			);
			path = Stilist;
			sourceTree = "<group>";
		};
		B0ACBD162CE0D171002889AD /* StilistTests */ = {
			isa = PBXFileSystemSynchronizedRootGroup;
			path = StilistTests;
			sourceTree = "<group>";
		};
		B0ACBD202CE0D171002889AD /* StilistUITests */ = {
			isa = PBXFileSystemSynchronizedRootGroup;
			path = StilistUITests;
			sourceTree = "<group>";
		};
/* End PBXFileSystemSynchronizedRootGroup section */

/* Begin PBXFrameworksBuildPhase section */
		B0ACBD002CE0D16F002889AD /* Frameworks */ = {
			isa = PBXFrameworksBuildPhase;
			buildActionMask = 2147483647;
			files = (
				B01988122CE784FA003FB8A2 /* FirebaseDatabase in Frameworks */,
				B01988162CE784FA003FB8A2 /* FirebaseFirestoreCombine-Community in Frameworks */,
				B019881A2CE784FA003FB8A2 /* FirebaseMessaging in Frameworks */,
				B01988182CE784FA003FB8A2 /* FirebaseInAppMessaging-Beta in Frameworks */,
				B01988082CE784FA003FB8A2 /* FirebaseAppCheck in Frameworks */,
				B019880C2CE784FA003FB8A2 /* FirebaseAuthCombine-Community in Frameworks */,
				B01988102CE784FA003FB8A2 /* FirebaseCrashlytics in Frameworks */,
				B019880E2CE784FA003FB8A2 /* FirebaseCore in Frameworks */,
				B019881C2CE784FA003FB8A2 /* FirebaseStorage in Frameworks */,
				B019880A2CE784FA003FB8A2 /* FirebaseAuth in Frameworks */,
				B019881E2CE784FA003FB8A2 /* FirebaseStorageCombine-Community in Frameworks */,
				B01988142CE784FA003FB8A2 /* FirebaseFirestore in Frameworks */,
			);
			runOnlyForDeploymentPostprocessing = 0;
		};
		B0ACBD102CE0D171002889AD /* Frameworks */ = {
			isa = PBXFrameworksBuildPhase;
			buildActionMask = 2147483647;
			files = (
			);
			runOnlyForDeploymentPostprocessing = 0;
		};
		B0ACBD1A2CE0D171002889AD /* Frameworks */ = {
			isa = PBXFrameworksBuildPhase;
			buildActionMask = 2147483647;
			files = (
			);
			runOnlyForDeploymentPostprocessing = 0;
		};
/* End PBXFrameworksBuildPhase section */

/* Begin PBXGroup section */
		B0ACBCFA2CE0D16F002889AD = {
			isa = PBXGroup;
			children = (
				B0ACBD052CE0D16F002889AD /* Stilist */,
				B0ACBD162CE0D171002889AD /* StilistTests */,
				B0ACBD202CE0D171002889AD /* StilistUITests */,
				B0ACBD042CE0D16F002889AD /* Products */,
			);
			sourceTree = "<group>";
		};
		B0ACBD042CE0D16F002889AD /* Products */ = {
			isa = PBXGroup;
			children = (
				B0ACBD032CE0D16F002889AD /* Stilist.app */,
				B0ACBD132CE0D171002889AD /* StilistTests.xctest */,
				B0ACBD1D2CE0D171002889AD /* StilistUITests.xctest */,
			);
			name = Products;
			sourceTree = "<group>";
		};
/* End PBXGroup section */

/* Begin PBXNativeTarget section */
		B0ACBD022CE0D16F002889AD /* Stilist */ = {
			isa = PBXNativeTarget;
			buildConfigurationList = B0ACBD272CE0D171002889AD /* Build configuration list for PBXNativeTarget "Stilist" */;
			buildPhases = (
				B0ACBCFF2CE0D16F002889AD /* Sources */,
				B0ACBD002CE0D16F002889AD /* Frameworks */,
				B0ACBD012CE0D16F002889AD /* Resources */,
			);
			buildRules = (
			);
			dependencies = (
			);
			fileSystemSynchronizedGroups = (
				B0ACBD052CE0D16F002889AD /* Stilist */,
			);
			name = Stilist;
			packageProductDependencies = (
				B01988072CE784FA003FB8A2 /* FirebaseAppCheck */,
				B01988092CE784FA003FB8A2 /* FirebaseAuth */,
				B019880B2CE784FA003FB8A2 /* FirebaseAuthCombine-Community */,
				B019880D2CE784FA003FB8A2 /* FirebaseCore */,
				B019880F2CE784FA003FB8A2 /* FirebaseCrashlytics */,
				B01988112CE784FA003FB8A2 /* FirebaseDatabase */,
				B01988132CE784FA003FB8A2 /* FirebaseFirestore */,
				B01988152CE784FA003FB8A2 /* FirebaseFirestoreCombine-Community */,
				B01988172CE784FA003FB8A2 /* FirebaseInAppMessaging-Beta */,
				B01988192CE784FA003FB8A2 /* FirebaseMessaging */,
				B019881B2CE784FA003FB8A2 /* FirebaseStorage */,
				B019881D2CE784FA003FB8A2 /* FirebaseStorageCombine-Community */,
			);
			productName = Stilist;
			productReference = B0ACBD032CE0D16F002889AD /* Stilist.app */;
			productType = "com.apple.product-type.application";
		};
		B0ACBD122CE0D171002889AD /* StilistTests */ = {
			isa = PBXNativeTarget;
			buildConfigurationList = B0ACBD2A2CE0D171002889AD /* Build configuration list for PBXNativeTarget "StilistTests" */;
			buildPhases = (
				B0ACBD0F2CE0D171002889AD /* Sources */,
				B0ACBD102CE0D171002889AD /* Frameworks */,
				B0ACBD112CE0D171002889AD /* Resources */,
			);
			buildRules = (
			);
			dependencies = (
				B0ACBD152CE0D171002889AD /* PBXTargetDependency */,
			);
			fileSystemSynchronizedGroups = (
				B0ACBD162CE0D171002889AD /* StilistTests */,
			);
			name = StilistTests;
			packageProductDependencies = (
			);
			productName = StilistTests;
			productReference = B0ACBD132CE0D171002889AD /* StilistTests.xctest */;
			productType = "com.apple.product-type.bundle.unit-test";
		};
		B0ACBD1C2CE0D171002889AD /* StilistUITests */ = {
			isa = PBXNativeTarget;
			buildConfigurationList = B0ACBD2D2CE0D171002889AD /* Build configuration list for PBXNativeTarget "StilistUITests" */;
			buildPhases = (
				B0ACBD192CE0D171002889AD /* Sources */,
				B0ACBD1A2CE0D171002889AD /* Frameworks */,
				B0ACBD1B2CE0D171002889AD /* Resources */,
			);
			buildRules = (
			);
			dependencies = (
				B0ACBD1F2CE0D171002889AD /* PBXTargetDependency */,
			);
			fileSystemSynchronizedGroups = (
				B0ACBD202CE0D171002889AD /* StilistUITests */,
			);
			name = StilistUITests;
			packageProductDependencies = (
			);
			productName = StilistUITests;
			productReference = B0ACBD1D2CE0D171002889AD /* StilistUITests.xctest */;
			productType = "com.apple.product-type.bundle.ui-testing";
		};
/* End PBXNativeTarget section */

/* Begin PBXProject section */
		B0ACBCFB2CE0D16F002889AD /* Project object */ = {
			isa = PBXProject;
			attributes = {
				BuildIndependentTargetsInParallel = 1;
				LastSwiftUpdateCheck = 1610;
				LastUpgradeCheck = 1610;
				TargetAttributes = {
					B0ACBD022CE0D16F002889AD = {
						CreatedOnToolsVersion = 16.1;
					};
					B0ACBD122CE0D171002889AD = {
						CreatedOnToolsVersion = 16.1;
						TestTargetID = B0ACBD022CE0D16F002889AD;
					};
					B0ACBD1C2CE0D171002889AD = {
						CreatedOnToolsVersion = 16.1;
						TestTargetID = B0ACBD022CE0D16F002889AD;
					};
				};
			};
			buildConfigurationList = B0ACBCFE2CE0D16F002889AD /* Build configuration list for PBXProject "Stilist" */;
			developmentRegion = en;
			hasScannedForEncodings = 0;
			knownRegions = (
				en,
				Base,
			);
			mainGroup = B0ACBCFA2CE0D16F002889AD;
			minimizedProjectReferenceProxies = 1;
			packageReferences = (
				B01988062CE784FA003FB8A2 /* XCRemoteSwiftPackageReference "firebase-ios-sdk" */,
			);
			preferredProjectObjectVersion = 77;
			productRefGroup = B0ACBD042CE0D16F002889AD /* Products */;
			projectDirPath = "";
			projectRoot = "";
			targets = (
				B0ACBD022CE0D16F002889AD /* Stilist */,
				B0ACBD122CE0D171002889AD /* StilistTests */,
				B0ACBD1C2CE0D171002889AD /* StilistUITests */,
			);
		};
/* End PBXProject section */

/* Begin PBXResourcesBuildPhase section */
		B0ACBD012CE0D16F002889AD /* Resources */ = {
			isa = PBXResourcesBuildPhase;
			buildActionMask = 2147483647;
			files = (
			);
			runOnlyForDeploymentPostprocessing = 0;
		};
		B0ACBD112CE0D171002889AD /* Resources */ = {
			isa = PBXResourcesBuildPhase;
			buildActionMask = 2147483647;
			files = (
			);
			runOnlyForDeploymentPostprocessing = 0;
		};
		B0ACBD1B2CE0D171002889AD /* Resources */ = {
			isa = PBXResourcesBuildPhase;
			buildActionMask = 2147483647;
			files = (
			);
			runOnlyForDeploymentPostprocessing = 0;
		};
/* End PBXResourcesBuildPhase section */

/* Begin PBXSourcesBuildPhase section */
		B0ACBCFF2CE0D16F002889AD /* Sources */ = {
			isa = PBXSourcesBuildPhase;
			buildActionMask = 2147483647;
			files = (
			);
			runOnlyForDeploymentPostprocessing = 0;
		};
		B0ACBD0F2CE0D171002889AD /* Sources */ = {
			isa = PBXSourcesBuildPhase;
			buildActionMask = 2147483647;
			files = (
			);
			runOnlyForDeploymentPostprocessing = 0;
		};
		B0ACBD192CE0D171002889AD /* Sources */ = {
			isa = PBXSourcesBuildPhase;
			buildActionMask = 2147483647;
			files = (
			);
			runOnlyForDeploymentPostprocessing = 0;
		};
/* End PBXSourcesBuildPhase section */

/* Begin PBXTargetDependency section */
		B0ACBD152CE0D171002889AD /* PBXTargetDependency */ = {
			isa = PBXTargetDependency;
			target = B0ACBD022CE0D16F002889AD /* Stilist */;
			targetProxy = B0ACBD142CE0D171002889AD /* PBXContainerItemProxy */;
		};
		B0ACBD1F2CE0D171002889AD /* PBXTargetDependency */ = {
			isa = PBXTargetDependency;
			target = B0ACBD022CE0D16F002889AD /* Stilist */;
			targetProxy = B0ACBD1E2CE0D171002889AD /* PBXContainerItemProxy */;
		};
/* End PBXTargetDependency section */

/* Begin XCBuildConfiguration section */
		B0ACBD252CE0D171002889AD /* Debug */ = {
			isa = XCBuildConfiguration;
			buildSettings = {
				ALWAYS_SEARCH_USER_PATHS = NO;
				ASSETCATALOG_COMPILER_GENERATE_SWIFT_ASSET_SYMBOL_EXTENSIONS = YES;
				CLANG_ANALYZER_NONNULL = YES;
				CLANG_ANALYZER_NUMBER_OBJECT_CONVERSION = YES_AGGRESSIVE;
				CLANG_CXX_LANGUAGE_STANDARD = "gnu++20";
				CLANG_ENABLE_MODULES = YES;
				CLANG_ENABLE_OBJC_ARC = YES;
				CLANG_ENABLE_OBJC_WEAK = YES;
				CLANG_WARN_BLOCK_CAPTURE_AUTORELEASING = YES;
				CLANG_WARN_BOOL_CONVERSION = YES;
				CLANG_WARN_COMMA = YES;
				CLANG_WARN_CONSTANT_CONVERSION = YES;
				CLANG_WARN_DEPRECATED_OBJC_IMPLEMENTATIONS = YES;
				CLANG_WARN_DIRECT_OBJC_ISA_USAGE = YES_ERROR;
				CLANG_WARN_DOCUMENTATION_COMMENTS = YES;
				CLANG_WARN_EMPTY_BODY = YES;
				CLANG_WARN_ENUM_CONVERSION = YES;
				CLANG_WARN_INFINITE_RECURSION = YES;
				CLANG_WARN_INT_CONVERSION = YES;
				CLANG_WARN_NON_LITERAL_NULL_CONVERSION = YES;
				CLANG_WARN_OBJC_IMPLICIT_RETAIN_SELF = YES;
				CLANG_WARN_OBJC_LITERAL_CONVERSION = YES;
				CLANG_WARN_OBJC_ROOT_CLASS = YES_ERROR;
				CLANG_WARN_QUOTED_INCLUDE_IN_FRAMEWORK_HEADER = YES;
				CLANG_WARN_RANGE_LOOP_ANALYSIS = YES;
				CLANG_WARN_STRICT_PROTOTYPES = YES;
				CLANG_WARN_SUSPICIOUS_MOVE = YES;
				CLANG_WARN_UNGUARDED_AVAILABILITY = YES_AGGRESSIVE;
				CLANG_WARN_UNREACHABLE_CODE = YES;
				CLANG_WARN__DUPLICATE_METHOD_MATCH = YES;
				COPY_PHASE_STRIP = NO;
				DEBUG_INFORMATION_FORMAT = dwarf;
				ENABLE_STRICT_OBJC_MSGSEND = YES;
				ENABLE_TESTABILITY = YES;
				ENABLE_USER_SCRIPT_SANDBOXING = YES;
				GCC_C_LANGUAGE_STANDARD = gnu17;
				GCC_DYNAMIC_NO_PIC = NO;
				GCC_NO_COMMON_BLOCKS = YES;
				GCC_OPTIMIZATION_LEVEL = 0;
				GCC_PREPROCESSOR_DEFINITIONS = (
					"DEBUG=1",
					"$(inherited)",
				);
				GCC_WARN_64_TO_32_BIT_CONVERSION = YES;
				GCC_WARN_ABOUT_RETURN_TYPE = YES_ERROR;
				GCC_WARN_UNDECLARED_SELECTOR = YES;
				GCC_WARN_UNINITIALIZED_AUTOS = YES_AGGRESSIVE;
				GCC_WARN_UNUSED_FUNCTION = YES;
				GCC_WARN_UNUSED_VARIABLE = YES;
				IPHONEOS_DEPLOYMENT_TARGET = 18.1;
				LOCALIZATION_PREFERS_STRING_CATALOGS = YES;
				MTL_ENABLE_DEBUG_INFO = INCLUDE_SOURCE;
				MTL_FAST_MATH = YES;
				ONLY_ACTIVE_ARCH = YES;
				SDKROOT = iphoneos;
				SWIFT_ACTIVE_COMPILATION_CONDITIONS = "DEBUG $(inherited)";
				SWIFT_OPTIMIZATION_LEVEL = "-Onone";
			};
			name = Debug;
		};
		B0ACBD262CE0D171002889AD /* Release */ = {
			isa = XCBuildConfiguration;
			buildSettings = {
				ALWAYS_SEARCH_USER_PATHS = NO;
				ASSETCATALOG_COMPILER_GENERATE_SWIFT_ASSET_SYMBOL_EXTENSIONS = YES;
				CLANG_ANALYZER_NONNULL = YES;
				CLANG_ANALYZER_NUMBER_OBJECT_CONVERSION = YES_AGGRESSIVE;
				CLANG_CXX_LANGUAGE_STANDARD = "gnu++20";
				CLANG_ENABLE_MODULES = YES;
				CLANG_ENABLE_OBJC_ARC = YES;
				CLANG_ENABLE_OBJC_WEAK = YES;
				CLANG_WARN_BLOCK_CAPTURE_AUTORELEASING = YES;
				CLANG_WARN_BOOL_CONVERSION = YES;
				CLANG_WARN_COMMA = YES;
				CLANG_WARN_CONSTANT_CONVERSION = YES;
				CLANG_WARN_DEPRECATED_OBJC_IMPLEMENTATIONS = YES;
				CLANG_WARN_DIRECT_OBJC_ISA_USAGE = YES_ERROR;
				CLANG_WARN_DOCUMENTATION_COMMENTS = YES;
				CLANG_WARN_EMPTY_BODY = YES;
				CLANG_WARN_ENUM_CONVERSION = YES;
				CLANG_WARN_INFINITE_RECURSION = YES;
				CLANG_WARN_INT_CONVERSION = YES;
				CLANG_WARN_NON_LITERAL_NULL_CONVERSION = YES;
				CLANG_WARN_OBJC_IMPLICIT_RETAIN_SELF = YES;
				CLANG_WARN_OBJC_LITERAL_CONVERSION = YES;
				CLANG_WARN_OBJC_ROOT_CLASS = YES_ERROR;
				CLANG_WARN_QUOTED_INCLUDE_IN_FRAMEWORK_HEADER = YES;
				CLANG_WARN_RANGE_LOOP_ANALYSIS = YES;
				CLANG_WARN_STRICT_PROTOTYPES = YES;
				CLANG_WARN_SUSPICIOUS_MOVE = YES;
				CLANG_WARN_UNGUARDED_AVAILABILITY = YES_AGGRESSIVE;
				CLANG_WARN_UNREACHABLE_CODE = YES;
				CLANG_WARN__DUPLICATE_METHOD_MATCH = YES;
				COPY_PHASE_STRIP = NO;
				DEBUG_INFORMATION_FORMAT = "dwarf-with-dsym";
				ENABLE_NS_ASSERTIONS = NO;
				ENABLE_STRICT_OBJC_MSGSEND = YES;
				ENABLE_USER_SCRIPT_SANDBOXING = YES;
				GCC_C_LANGUAGE_STANDARD = gnu17;
				GCC_NO_COMMON_BLOCKS = YES;
				GCC_WARN_64_TO_32_BIT_CONVERSION = YES;
				GCC_WARN_ABOUT_RETURN_TYPE = YES_ERROR;
				GCC_WARN_UNDECLARED_SELECTOR = YES;
				GCC_WARN_UNINITIALIZED_AUTOS = YES_AGGRESSIVE;
				GCC_WARN_UNUSED_FUNCTION = YES;
				GCC_WARN_UNUSED_VARIABLE = YES;
				IPHONEOS_DEPLOYMENT_TARGET = 18.1;
				LOCALIZATION_PREFERS_STRING_CATALOGS = YES;
				MTL_ENABLE_DEBUG_INFO = NO;
				MTL_FAST_MATH = YES;
				SDKROOT = iphoneos;
				SWIFT_COMPILATION_MODE = wholemodule;
				VALIDATE_PRODUCT = YES;
			};
			name = Release;
		};
		B0ACBD282CE0D171002889AD /* Debug */ = {
			isa = XCBuildConfiguration;
			buildSettings = {
				ASSETCATALOG_COMPILER_APPICON_NAME = AppIcon;
				ASSETCATALOG_COMPILER_GLOBAL_ACCENT_COLOR_NAME = AccentColor;
				CODE_SIGN_STYLE = Automatic;
				CURRENT_PROJECT_VERSION = 1;
				DEVELOPMENT_ASSET_PATHS = "\"Stilist/Preview Content\"";
				DEVELOPMENT_TEAM = M3L7HK72ZK;
				ENABLE_PREVIEWS = YES;
				GENERATE_INFOPLIST_FILE = YES;
				INFOPLIST_FILE = Stilist/Info.plist;
				INFOPLIST_KEY_NSLocationAlwaysAndWhenInUseUsageDescription = "We need your location to provide personalized results and directions.";
				INFOPLIST_KEY_NSLocationAlwaysUsageDescription = "We use your location to recommend salons near you.";
				INFOPLIST_KEY_NSLocationWhenInUseUsageDescription = "We need your location to show nearby salons.";
				INFOPLIST_KEY_UIApplicationSceneManifest_Generation = YES;
				INFOPLIST_KEY_UIApplicationSupportsIndirectInputEvents = YES;
				INFOPLIST_KEY_UILaunchScreen_Generation = YES;
				INFOPLIST_KEY_UISupportedInterfaceOrientations_iPad = "UIInterfaceOrientationPortrait UIInterfaceOrientationPortraitUpsideDown UIInterfaceOrientationLandscapeLeft UIInterfaceOrientationLandscapeRight";
				INFOPLIST_KEY_UISupportedInterfaceOrientations_iPhone = "UIInterfaceOrientationPortrait UIInterfaceOrientationLandscapeLeft UIInterfaceOrientationLandscapeRight";
				LD_RUNPATH_SEARCH_PATHS = (
					"$(inherited)",
					"@executable_path/Frameworks",
				);
				MARKETING_VERSION = 1.0;
				PRODUCT_BUNDLE_IDENTIFIER = com.stilist.Stilist;
				PRODUCT_NAME = "$(TARGET_NAME)";
				SWIFT_EMIT_LOC_STRINGS = YES;
				SWIFT_VERSION = 5.0;
				TARGETED_DEVICE_FAMILY = "1,2";
			};
			name = Debug;
		};
		B0ACBD292CE0D171002889AD /* Release */ = {
			isa = XCBuildConfiguration;
			buildSettings = {
				ASSETCATALOG_COMPILER_APPICON_NAME = AppIcon;
				ASSETCATALOG_COMPILER_GLOBAL_ACCENT_COLOR_NAME = AccentColor;
				CODE_SIGN_STYLE = Automatic;
				CURRENT_PROJECT_VERSION = 1;
				DEVELOPMENT_ASSET_PATHS = "\"Stilist/Preview Content\"";
				DEVELOPMENT_TEAM = M3L7HK72ZK;
				ENABLE_PREVIEWS = YES;
				GENERATE_INFOPLIST_FILE = YES;
				INFOPLIST_FILE = Stilist/Info.plist;
				INFOPLIST_KEY_NSLocationAlwaysAndWhenInUseUsageDescription = "We need your location to provide personalized results and directions.";
				INFOPLIST_KEY_NSLocationAlwaysUsageDescription = "We use your location to recommend salons near you.";
				INFOPLIST_KEY_NSLocationWhenInUseUsageDescription = "We need your location to show nearby salons.";
				INFOPLIST_KEY_UIApplicationSceneManifest_Generation = YES;
				INFOPLIST_KEY_UIApplicationSupportsIndirectInputEvents = YES;
				INFOPLIST_KEY_UILaunchScreen_Generation = YES;
				INFOPLIST_KEY_UISupportedInterfaceOrientations_iPad = "UIInterfaceOrientationPortrait UIInterfaceOrientationPortraitUpsideDown UIInterfaceOrientationLandscapeLeft UIInterfaceOrientationLandscapeRight";
				INFOPLIST_KEY_UISupportedInterfaceOrientations_iPhone = "UIInterfaceOrientationPortrait UIInterfaceOrientationLandscapeLeft UIInterfaceOrientationLandscapeRight";
				LD_RUNPATH_SEARCH_PATHS = (
					"$(inherited)",
					"@executable_path/Frameworks",
				);
				MARKETING_VERSION = 1.0;
				PRODUCT_BUNDLE_IDENTIFIER = com.stilist.Stilist;
				PRODUCT_NAME = "$(TARGET_NAME)";
				SWIFT_EMIT_LOC_STRINGS = YES;
				SWIFT_VERSION = 5.0;
				TARGETED_DEVICE_FAMILY = "1,2";
			};
			name = Release;
		};
		B0ACBD2B2CE0D171002889AD /* Debug */ = {
			isa = XCBuildConfiguration;
			buildSettings = {
				BUNDLE_LOADER = "$(TEST_HOST)";
				CODE_SIGN_STYLE = Automatic;
				CURRENT_PROJECT_VERSION = 1;
				GENERATE_INFOPLIST_FILE = YES;
				IPHONEOS_DEPLOYMENT_TARGET = 18.1;
				MARKETING_VERSION = 1.0;
				PRODUCT_BUNDLE_IDENTIFIER = com.stilist.StilistTests;
				PRODUCT_NAME = "$(TARGET_NAME)";
				SWIFT_EMIT_LOC_STRINGS = NO;
				SWIFT_VERSION = 5.0;
				TARGETED_DEVICE_FAMILY = "1,2";
				TEST_HOST = "$(BUILT_PRODUCTS_DIR)/Stilist.app/$(BUNDLE_EXECUTABLE_FOLDER_PATH)/Stilist";
			};
			name = Debug;
		};
		B0ACBD2C2CE0D171002889AD /* Release */ = {
			isa = XCBuildConfiguration;
			buildSettings = {
				BUNDLE_LOADER = "$(TEST_HOST)";
				CODE_SIGN_STYLE = Automatic;
				CURRENT_PROJECT_VERSION = 1;
				GENERATE_INFOPLIST_FILE = YES;
				IPHONEOS_DEPLOYMENT_TARGET = 18.1;
				MARKETING_VERSION = 1.0;
				PRODUCT_BUNDLE_IDENTIFIER = com.stilist.StilistTests;
				PRODUCT_NAME = "$(TARGET_NAME)";
				SWIFT_EMIT_LOC_STRINGS = NO;
				SWIFT_VERSION = 5.0;
				TARGETED_DEVICE_FAMILY = "1,2";
				TEST_HOST = "$(BUILT_PRODUCTS_DIR)/Stilist.app/$(BUNDLE_EXECUTABLE_FOLDER_PATH)/Stilist";
			};
			name = Release;
		};
		B0ACBD2E2CE0D171002889AD /* Debug */ = {
			isa = XCBuildConfiguration;
			buildSettings = {
				CODE_SIGN_STYLE = Automatic;
				CURRENT_PROJECT_VERSION = 1;
				GENERATE_INFOPLIST_FILE = YES;
				MARKETING_VERSION = 1.0;
				PRODUCT_BUNDLE_IDENTIFIER = com.stilist.StilistUITests;
				PRODUCT_NAME = "$(TARGET_NAME)";
				SWIFT_EMIT_LOC_STRINGS = NO;
				SWIFT_VERSION = 5.0;
				TARGETED_DEVICE_FAMILY = "1,2";
				TEST_TARGET_NAME = Stilist;
			};
			name = Debug;
		};
		B0ACBD2F2CE0D171002889AD /* Release */ = {
			isa = XCBuildConfiguration;
			buildSettings = {
				CODE_SIGN_STYLE = Automatic;
				CURRENT_PROJECT_VERSION = 1;
				GENERATE_INFOPLIST_FILE = YES;
				MARKETING_VERSION = 1.0;
				PRODUCT_BUNDLE_IDENTIFIER = com.stilist.StilistUITests;
				PRODUCT_NAME = "$(TARGET_NAME)";
				SWIFT_EMIT_LOC_STRINGS = NO;
				SWIFT_VERSION = 5.0;
				TARGETED_DEVICE_FAMILY = "1,2";
				TEST_TARGET_NAME = Stilist;
			};
			name = Release;
		};
/* End XCBuildConfiguration section */

/* Begin XCConfigurationList section */
		B0ACBCFE2CE0D16F002889AD /* Build configuration list for PBXProject "Stilist" */ = {
			isa = XCConfigurationList;
			buildConfigurations = (
				B0ACBD252CE0D171002889AD /* Debug */,
				B0ACBD262CE0D171002889AD /* Release */,
			);
			defaultConfigurationIsVisible = 0;
			defaultConfigurationName = Release;
		};
		B0ACBD272CE0D171002889AD /* Build configuration list for PBXNativeTarget "Stilist" */ = {
			isa = XCConfigurationList;
			buildConfigurations = (
				B0ACBD282CE0D171002889AD /* Debug */,
				B0ACBD292CE0D171002889AD /* Release */,
			);
			defaultConfigurationIsVisible = 0;
			defaultConfigurationName = Release;
		};
		B0ACBD2A2CE0D171002889AD /* Build configuration list for PBXNativeTarget "StilistTests" */ = {
			isa = XCConfigurationList;
			buildConfigurations = (
				B0ACBD2B2CE0D171002889AD /* Debug */,
				B0ACBD2C2CE0D171002889AD /* Release */,
			);
			defaultConfigurationIsVisible = 0;
			defaultConfigurationName = Release;
		};
		B0ACBD2D2CE0D171002889AD /* Build configuration list for PBXNativeTarget "StilistUITests" */ = {
			isa = XCConfigurationList;
			buildConfigurations = (
				B0ACBD2E2CE0D171002889AD /* Debug */,
				B0ACBD2F2CE0D171002889AD /* Release */,
			);
			defaultConfigurationIsVisible = 0;
			defaultConfigurationName = Release;
		};
/* End XCConfigurationList section */

/* Begin XCRemoteSwiftPackageReference section */
		B01988062CE784FA003FB8A2 /* XCRemoteSwiftPackageReference "firebase-ios-sdk" */ = {
			isa = XCRemoteSwiftPackageReference;
			repositoryURL = "https://github.com/firebase/firebase-ios-sdk";
			requirement = {
				kind = upToNextMajorVersion;
				minimumVersion = 11.5.0;
			};
		};
/* End XCRemoteSwiftPackageReference section */

/* Begin XCSwiftPackageProductDependency section */
		B01988072CE784FA003FB8A2 /* FirebaseAppCheck */ = {
			isa = XCSwiftPackageProductDependency;
			package = B01988062CE784FA003FB8A2 /* XCRemoteSwiftPackageReference "firebase-ios-sdk" */;
			productName = FirebaseAppCheck;
		};
		B01988092CE784FA003FB8A2 /* FirebaseAuth */ = {
			isa = XCSwiftPackageProductDependency;
			package = B01988062CE784FA003FB8A2 /* XCRemoteSwiftPackageReference "firebase-ios-sdk" */;
			productName = FirebaseAuth;
		};
		B019880B2CE784FA003FB8A2 /* FirebaseAuthCombine-Community */ = {
			isa = XCSwiftPackageProductDependency;
			package = B01988062CE784FA003FB8A2 /* XCRemoteSwiftPackageReference "firebase-ios-sdk" */;
			productName = "FirebaseAuthCombine-Community";
		};
		B019880D2CE784FA003FB8A2 /* FirebaseCore */ = {
			isa = XCSwiftPackageProductDependency;
			package = B01988062CE784FA003FB8A2 /* XCRemoteSwiftPackageReference "firebase-ios-sdk" */;
			productName = FirebaseCore;
		};
		B019880F2CE784FA003FB8A2 /* FirebaseCrashlytics */ = {
			isa = XCSwiftPackageProductDependency;
			package = B01988062CE784FA003FB8A2 /* XCRemoteSwiftPackageReference "firebase-ios-sdk" */;
			productName = FirebaseCrashlytics;
		};
		B01988112CE784FA003FB8A2 /* FirebaseDatabase */ = {
			isa = XCSwiftPackageProductDependency;
			package = B01988062CE784FA003FB8A2 /* XCRemoteSwiftPackageReference "firebase-ios-sdk" */;
			productName = FirebaseDatabase;
		};
		B01988132CE784FA003FB8A2 /* FirebaseFirestore */ = {
			isa = XCSwiftPackageProductDependency;
			package = B01988062CE784FA003FB8A2 /* XCRemoteSwiftPackageReference "firebase-ios-sdk" */;
			productName = FirebaseFirestore;
		};
		B01988152CE784FA003FB8A2 /* FirebaseFirestoreCombine-Community */ = {
			isa = XCSwiftPackageProductDependency;
			package = B01988062CE784FA003FB8A2 /* XCRemoteSwiftPackageReference "firebase-ios-sdk" */;
			productName = "FirebaseFirestoreCombine-Community";
		};
		B01988172CE784FA003FB8A2 /* FirebaseInAppMessaging-Beta */ = {
			isa = XCSwiftPackageProductDependency;
			package = B01988062CE784FA003FB8A2 /* XCRemoteSwiftPackageReference "firebase-ios-sdk" */;
			productName = "FirebaseInAppMessaging-Beta";
		};
		B01988192CE784FA003FB8A2 /* FirebaseMessaging */ = {
			isa = XCSwiftPackageProductDependency;
			package = B01988062CE784FA003FB8A2 /* XCRemoteSwiftPackageReference "firebase-ios-sdk" */;
			productName = FirebaseMessaging;
		};
		B019881B2CE784FA003FB8A2 /* FirebaseStorage */ = {
			isa = XCSwiftPackageProductDependency;
			package = B01988062CE784FA003FB8A2 /* XCRemoteSwiftPackageReference "firebase-ios-sdk" */;
			productName = FirebaseStorage;
		};
		B019881D2CE784FA003FB8A2 /* FirebaseStorageCombine-Community */ = {
			isa = XCSwiftPackageProductDependency;
			package = B01988062CE784FA003FB8A2 /* XCRemoteSwiftPackageReference "firebase-ios-sdk" */;
			productName = "FirebaseStorageCombine-Community";
		};
/* End XCSwiftPackageProductDependency section */
	};
	rootObject = B0ACBCFB2CE0D16F002889AD /* Project object */;
}
